// !$*UTF8*$!
{
	archiveVersion = 1;
	classes = {
	};
	objectVersion = 50;
	objects = {

/* Begin PBXBuildFile section */
		22AD47DC26D9E14F0019629C /* AppDelegate.m in Sources */ = {isa = PBXBuildFile; fileRef = 22AD47DB26D9E14F0019629C /* AppDelegate.m */; };
		22AD47E226D9E14F0019629C /* ViewController.m in Sources */ = {isa = PBXBuildFile; fileRef = 22AD47E126D9E14F0019629C /* ViewController.m */; };
		22AD47E526D9E14F0019629C /* Main.storyboard in Resources */ = {isa = PBXBuildFile; fileRef = 22AD47E326D9E14F0019629C /* Main.storyboard */; };
		22AD47E726D9E1500019629C /* Assets.xcassets in Resources */ = {isa = PBXBuildFile; fileRef = 22AD47E626D9E1500019629C /* Assets.xcassets */; };
		22AD47EA26D9E1500019629C /* LaunchScreen.storyboard in Resources */ = {isa = PBXBuildFile; fileRef = 22AD47E826D9E1500019629C /* LaunchScreen.storyboard */; };
		22AD47ED26D9E1500019629C /* main.m in Sources */ = {isa = PBXBuildFile; fileRef = 22AD47EC26D9E1500019629C /* main.m */; };
		22AD47F626D9E2940019629C /* TOStackView.m in Sources */ = {isa = PBXBuildFile; fileRef = 22AD47F526D9E2940019629C /* TOStackView.m */; };
		22AD47FE26DA8B5D0019629C /* TOStackViewTests.m in Sources */ = {isa = PBXBuildFile; fileRef = 22AD47FD26DA8B5D0019629C /* TOStackViewTests.m */; };
		22AD480526DA8B630019629C /* TOStackView.m in Sources */ = {isa = PBXBuildFile; fileRef = 22AD47F526D9E2940019629C /* TOStackView.m */; };
/* End PBXBuildFile section */

/* Begin PBXContainerItemProxy section */
		22AD480026DA8B5D0019629C /* PBXContainerItemProxy */ = {
			isa = PBXContainerItemProxy;
			containerPortal = 22AD47CF26D9E14F0019629C /* Project object */;
			proxyType = 1;
			remoteGlobalIDString = 22AD47D626D9E14F0019629C;
			remoteInfo = TOStackViewExample;
		};
/* End PBXContainerItemProxy section */

/* Begin PBXFileReference section */
		22AD47D726D9E14F0019629C /* TOStackViewExample.app */ = {isa = PBXFileReference; explicitFileType = wrapper.application; includeInIndex = 0; path = TOStackViewExample.app; sourceTree = BUILT_PRODUCTS_DIR; };
		22AD47DA26D9E14F0019629C /* AppDelegate.h */ = {isa = PBXFileReference; lastKnownFileType = sourcecode.c.h; path = AppDelegate.h; sourceTree = "<group>"; };
		22AD47DB26D9E14F0019629C /* AppDelegate.m */ = {isa = PBXFileReference; lastKnownFileType = sourcecode.c.objc; path = AppDelegate.m; sourceTree = "<group>"; };
		22AD47E026D9E14F0019629C /* ViewController.h */ = {isa = PBXFileReference; lastKnownFileType = sourcecode.c.h; path = ViewController.h; sourceTree = "<group>"; };
		22AD47E126D9E14F0019629C /* ViewController.m */ = {isa = PBXFileReference; lastKnownFileType = sourcecode.c.objc; path = ViewController.m; sourceTree = "<group>"; };
		22AD47E426D9E14F0019629C /* Base */ = {isa = PBXFileReference; lastKnownFileType = file.storyboard; name = Base; path = Base.lproj/Main.storyboard; sourceTree = "<group>"; };
		22AD47E626D9E1500019629C /* Assets.xcassets */ = {isa = PBXFileReference; lastKnownFileType = folder.assetcatalog; path = Assets.xcassets; sourceTree = "<group>"; };
		22AD47E926D9E1500019629C /* Base */ = {isa = PBXFileReference; lastKnownFileType = file.storyboard; name = Base; path = Base.lproj/LaunchScreen.storyboard; sourceTree = "<group>"; };
		22AD47EB26D9E1500019629C /* Info.plist */ = {isa = PBXFileReference; lastKnownFileType = text.plist.xml; path = Info.plist; sourceTree = "<group>"; };
		22AD47EC26D9E1500019629C /* main.m */ = {isa = PBXFileReference; lastKnownFileType = sourcecode.c.objc; path = main.m; sourceTree = "<group>"; };
		22AD47F426D9E2940019629C /* TOStackView.h */ = {isa = PBXFileReference; lastKnownFileType = sourcecode.c.h; path = TOStackView.h; sourceTree = "<group>"; };
		22AD47F526D9E2940019629C /* TOStackView.m */ = {isa = PBXFileReference; lastKnownFileType = sourcecode.c.objc; path = TOStackView.m; sourceTree = "<group>"; };
		22AD47FB26DA8B5D0019629C /* TOStackViewTests.xctest */ = {isa = PBXFileReference; explicitFileType = wrapper.cfbundle; includeInIndex = 0; path = TOStackViewTests.xctest; sourceTree = BUILT_PRODUCTS_DIR; };
		22AD47FD26DA8B5D0019629C /* TOStackViewTests.m */ = {isa = PBXFileReference; lastKnownFileType = sourcecode.c.objc; path = TOStackViewTests.m; sourceTree = "<group>"; };
		22AD47FF26DA8B5D0019629C /* Info.plist */ = {isa = PBXFileReference; lastKnownFileType = text.plist.xml; path = Info.plist; sourceTree = "<group>"; };
/* End PBXFileReference section */

/* Begin PBXFrameworksBuildPhase section */
		22AD47D426D9E14F0019629C /* Frameworks */ = {
			isa = PBXFrameworksBuildPhase;
			buildActionMask = 2147483647;
			files = (
			);
			runOnlyForDeploymentPostprocessing = 0;
		};
		22AD47F826DA8B5D0019629C /* Frameworks */ = {
			isa = PBXFrameworksBuildPhase;
			buildActionMask = 2147483647;
			files = (
			);
			runOnlyForDeploymentPostprocessing = 0;
		};
/* End PBXFrameworksBuildPhase section */

/* Begin PBXGroup section */
		22AD47CE26D9E14F0019629C = {
			isa = PBXGroup;
			children = (
				22AD47F326D9E1DA0019629C /* TOStackView */,
				22AD47D926D9E14F0019629C /* TOStackViewExample */,
				22AD47FC26DA8B5D0019629C /* TOStackViewTests */,
				22AD47D826D9E14F0019629C /* Products */,
			);
			sourceTree = "<group>";
		};
		22AD47D826D9E14F0019629C /* Products */ = {
			isa = PBXGroup;
			children = (
				22AD47D726D9E14F0019629C /* TOStackViewExample.app */,
				22AD47FB26DA8B5D0019629C /* TOStackViewTests.xctest */,
			);
			name = Products;
			sourceTree = "<group>";
		};
		22AD47D926D9E14F0019629C /* TOStackViewExample */ = {
			isa = PBXGroup;
			children = (
				22AD47DA26D9E14F0019629C /* AppDelegate.h */,
				22AD47DB26D9E14F0019629C /* AppDelegate.m */,
				22AD47E026D9E14F0019629C /* ViewController.h */,
				22AD47E126D9E14F0019629C /* ViewController.m */,
				22AD47E326D9E14F0019629C /* Main.storyboard */,
				22AD47E626D9E1500019629C /* Assets.xcassets */,
				22AD47E826D9E1500019629C /* LaunchScreen.storyboard */,
				22AD47EB26D9E1500019629C /* Info.plist */,
				22AD47EC26D9E1500019629C /* main.m */,
			);
			path = TOStackViewExample;
			sourceTree = "<group>";
		};
		22AD47F326D9E1DA0019629C /* TOStackView */ = {
			isa = PBXGroup;
			children = (
				22AD47F426D9E2940019629C /* TOStackView.h */,
				22AD47F526D9E2940019629C /* TOStackView.m */,
			);
			path = TOStackView;
			sourceTree = "<group>";
		};
		22AD47FC26DA8B5D0019629C /* TOStackViewTests */ = {
			isa = PBXGroup;
			children = (
				22AD47FD26DA8B5D0019629C /* TOStackViewTests.m */,
				22AD47FF26DA8B5D0019629C /* Info.plist */,
			);
			path = TOStackViewTests;
			sourceTree = "<group>";
		};
/* End PBXGroup section */

/* Begin PBXNativeTarget section */
		22AD47D626D9E14F0019629C /* TOStackViewExample */ = {
			isa = PBXNativeTarget;
			buildConfigurationList = 22AD47F026D9E1500019629C /* Build configuration list for PBXNativeTarget "TOStackViewExample" */;
			buildPhases = (
				22AD47D326D9E14F0019629C /* Sources */,
				22AD47D426D9E14F0019629C /* Frameworks */,
				22AD47D526D9E14F0019629C /* Resources */,
			);
			buildRules = (
			);
			dependencies = (
			);
			name = TOStackViewExample;
			productName = TOStackViewExample;
			productReference = 22AD47D726D9E14F0019629C /* TOStackViewExample.app */;
			productType = "com.apple.product-type.application";
		};
		22AD47FA26DA8B5D0019629C /* TOStackViewTests */ = {
			isa = PBXNativeTarget;
			buildConfigurationList = 22AD480226DA8B5D0019629C /* Build configuration list for PBXNativeTarget "TOStackViewTests" */;
			buildPhases = (
				22AD47F726DA8B5D0019629C /* Sources */,
				22AD47F826DA8B5D0019629C /* Frameworks */,
				22AD47F926DA8B5D0019629C /* Resources */,
			);
			buildRules = (
			);
			dependencies = (
				22AD480126DA8B5D0019629C /* PBXTargetDependency */,
			);
			name = TOStackViewTests;
			productName = TOStackViewTests;
			productReference = 22AD47FB26DA8B5D0019629C /* TOStackViewTests.xctest */;
			productType = "com.apple.product-type.bundle.unit-test";
		};
/* End PBXNativeTarget section */

/* Begin PBXProject section */
		22AD47CF26D9E14F0019629C /* Project object */ = {
			isa = PBXProject;
			attributes = {
				LastUpgradeCheck = 1250;
				TargetAttributes = {
					22AD47D626D9E14F0019629C = {
						CreatedOnToolsVersion = 12.5;
					};
					22AD47FA26DA8B5D0019629C = {
						CreatedOnToolsVersion = 12.5;
						TestTargetID = 22AD47D626D9E14F0019629C;
					};
				};
			};
			buildConfigurationList = 22AD47D226D9E14F0019629C /* Build configuration list for PBXProject "TOStackViewExample" */;
			compatibilityVersion = "Xcode 9.3";
			developmentRegion = en;
			hasScannedForEncodings = 0;
			knownRegions = (
				en,
				Base,
			);
			mainGroup = 22AD47CE26D9E14F0019629C;
			productRefGroup = 22AD47D826D9E14F0019629C /* Products */;
			projectDirPath = "";
			projectRoot = "";
			targets = (
				22AD47D626D9E14F0019629C /* TOStackViewExample */,
				22AD47FA26DA8B5D0019629C /* TOStackViewTests */,
			);
		};
/* End PBXProject section */

/* Begin PBXResourcesBuildPhase section */
		22AD47D526D9E14F0019629C /* Resources */ = {
			isa = PBXResourcesBuildPhase;
			buildActionMask = 2147483647;
			files = (
				22AD47EA26D9E1500019629C /* LaunchScreen.storyboard in Resources */,
				22AD47E726D9E1500019629C /* Assets.xcassets in Resources */,
				22AD47E526D9E14F0019629C /* Main.storyboard in Resources */,
			);
			runOnlyForDeploymentPostprocessing = 0;
		};
		22AD47F926DA8B5D0019629C /* Resources */ = {
			isa = PBXResourcesBuildPhase;
			buildActionMask = 2147483647;
			files = (
			);
			runOnlyForDeploymentPostprocessing = 0;
		};
/* End PBXResourcesBuildPhase section */

/* Begin PBXSourcesBuildPhase section */
		22AD47D326D9E14F0019629C /* Sources */ = {
			isa = PBXSourcesBuildPhase;
			buildActionMask = 2147483647;
			files = (
				22AD47E226D9E14F0019629C /* ViewController.m in Sources */,
				22AD47DC26D9E14F0019629C /* AppDelegate.m in Sources */,
				22AD47F626D9E2940019629C /* TOStackView.m in Sources */,
				22AD47ED26D9E1500019629C /* main.m in Sources */,
			);
			runOnlyForDeploymentPostprocessing = 0;
		};
		22AD47F726DA8B5D0019629C /* Sources */ = {
			isa = PBXSourcesBuildPhase;
			buildActionMask = 2147483647;
			files = (
				22AD480526DA8B630019629C /* TOStackView.m in Sources */,
				22AD47FE26DA8B5D0019629C /* TOStackViewTests.m in Sources */,
			);
			runOnlyForDeploymentPostprocessing = 0;
		};
/* End PBXSourcesBuildPhase section */

/* Begin PBXTargetDependency section */
		22AD480126DA8B5D0019629C /* PBXTargetDependency */ = {
			isa = PBXTargetDependency;
			target = 22AD47D626D9E14F0019629C /* TOStackViewExample */;
			targetProxy = 22AD480026DA8B5D0019629C /* PBXContainerItemProxy */;
		};
/* End PBXTargetDependency section */

/* Begin PBXVariantGroup section */
		22AD47E326D9E14F0019629C /* Main.storyboard */ = {
			isa = PBXVariantGroup;
			children = (
				22AD47E426D9E14F0019629C /* Base */,
			);
			name = Main.storyboard;
			sourceTree = "<group>";
		};
		22AD47E826D9E1500019629C /* LaunchScreen.storyboard */ = {
			isa = PBXVariantGroup;
			children = (
				22AD47E926D9E1500019629C /* Base */,
			);
			name = LaunchScreen.storyboard;
			sourceTree = "<group>";
		};
/* End PBXVariantGroup section */

/* Begin XCBuildConfiguration section */
		22AD47EE26D9E1500019629C /* Debug */ = {
			isa = XCBuildConfiguration;
			buildSettings = {
				ALWAYS_SEARCH_USER_PATHS = NO;
				CLANG_ANALYZER_NONNULL = YES;
				CLANG_ANALYZER_NUMBER_OBJECT_CONVERSION = YES_AGGRESSIVE;
				CLANG_CXX_LANGUAGE_STANDARD = "gnu++14";
				CLANG_CXX_LIBRARY = "libc++";
				CLANG_ENABLE_MODULES = YES;
				CLANG_ENABLE_OBJC_ARC = YES;
				CLANG_ENABLE_OBJC_WEAK = YES;
				CLANG_WARN_BLOCK_CAPTURE_AUTORELEASING = YES;
				CLANG_WARN_BOOL_CONVERSION = YES;
				CLANG_WARN_COMMA = YES;
				CLANG_WARN_CONSTANT_CONVERSION = YES;
				CLANG_WARN_DEPRECATED_OBJC_IMPLEMENTATIONS = YES;
				CLANG_WARN_DIRECT_OBJC_ISA_USAGE = YES_ERROR;
				CLANG_WARN_DOCUMENTATION_COMMENTS = YES;
				CLANG_WARN_EMPTY_BODY = YES;
				CLANG_WARN_ENUM_CONVERSION = YES;
				CLANG_WARN_INFINITE_RECURSION = YES;
				CLANG_WARN_INT_CONVERSION = YES;
				CLANG_WARN_NON_LITERAL_NULL_CONVERSION = YES;
				CLANG_WARN_OBJC_IMPLICIT_RETAIN_SELF = YES;
				CLANG_WARN_OBJC_LITERAL_CONVERSION = YES;
				CLANG_WARN_OBJC_ROOT_CLASS = YES_ERROR;
				CLANG_WARN_QUOTED_INCLUDE_IN_FRAMEWORK_HEADER = YES;
				CLANG_WARN_RANGE_LOOP_ANALYSIS = YES;
				CLANG_WARN_STRICT_PROTOTYPES = YES;
				CLANG_WARN_SUSPICIOUS_MOVE = YES;
				CLANG_WARN_UNGUARDED_AVAILABILITY = YES_AGGRESSIVE;
				CLANG_WARN_UNREACHABLE_CODE = YES;
				CLANG_WARN__DUPLICATE_METHOD_MATCH = YES;
				COPY_PHASE_STRIP = NO;
				DEBUG_INFORMATION_FORMAT = dwarf;
				ENABLE_STRICT_OBJC_MSGSEND = YES;
				ENABLE_TESTABILITY = YES;
				GCC_C_LANGUAGE_STANDARD = gnu11;
				GCC_DYNAMIC_NO_PIC = NO;
				GCC_NO_COMMON_BLOCKS = YES;
				GCC_OPTIMIZATION_LEVEL = 0;
				GCC_PREPROCESSOR_DEFINITIONS = (
					"DEBUG=1",
					"$(inherited)",
				);
				GCC_WARN_64_TO_32_BIT_CONVERSION = YES;
				GCC_WARN_ABOUT_RETURN_TYPE = YES_ERROR;
				GCC_WARN_UNDECLARED_SELECTOR = YES;
				GCC_WARN_UNINITIALIZED_AUTOS = YES_AGGRESSIVE;
				GCC_WARN_UNUSED_FUNCTION = YES;
				GCC_WARN_UNUSED_VARIABLE = YES;
				IPHONEOS_DEPLOYMENT_TARGET = 13.0;
				MTL_ENABLE_DEBUG_INFO = INCLUDE_SOURCE;
				MTL_FAST_MATH = YES;
				ONLY_ACTIVE_ARCH = YES;
				SDKROOT = iphoneos;
			};
			name = Debug;
		};
		22AD47EF26D9E1500019629C /* Release */ = {
			isa = XCBuildConfiguration;
			buildSettings = {
				ALWAYS_SEARCH_USER_PATHS = NO;
				CLANG_ANALYZER_NONNULL = YES;
				CLANG_ANALYZER_NUMBER_OBJECT_CONVERSION = YES_AGGRESSIVE;
				CLANG_CXX_LANGUAGE_STANDARD = "gnu++14";
				CLANG_CXX_LIBRARY = "libc++";
				CLANG_ENABLE_MODULES = YES;
				CLANG_ENABLE_OBJC_ARC = YES;
				CLANG_ENABLE_OBJC_WEAK = YES;
				CLANG_WARN_BLOCK_CAPTURE_AUTORELEASING = YES;
				CLANG_WARN_BOOL_CONVERSION = YES;
				CLANG_WARN_COMMA = YES;
				CLANG_WARN_CONSTANT_CONVERSION = YES;
				CLANG_WARN_DEPRECATED_OBJC_IMPLEMENTATIONS = YES;
				CLANG_WARN_DIRECT_OBJC_ISA_USAGE = YES_ERROR;
				CLANG_WARN_DOCUMENTATION_COMMENTS = YES;
				CLANG_WARN_EMPTY_BODY = YES;
				CLANG_WARN_ENUM_CONVERSION = YES;
				CLANG_WARN_INFINITE_RECURSION = YES;
				CLANG_WARN_INT_CONVERSION = YES;
				CLANG_WARN_NON_LITERAL_NULL_CONVERSION = YES;
				CLANG_WARN_OBJC_IMPLICIT_RETAIN_SELF = YES;
				CLANG_WARN_OBJC_LITERAL_CONVERSION = YES;
				CLANG_WARN_OBJC_ROOT_CLASS = YES_ERROR;
				CLANG_WARN_QUOTED_INCLUDE_IN_FRAMEWORK_HEADER = YES;
				CLANG_WARN_RANGE_LOOP_ANALYSIS = YES;
				CLANG_WARN_STRICT_PROTOTYPES = YES;
				CLANG_WARN_SUSPICIOUS_MOVE = YES;
				CLANG_WARN_UNGUARDED_AVAILABILITY = YES_AGGRESSIVE;
				CLANG_WARN_UNREACHABLE_CODE = YES;
				CLANG_WARN__DUPLICATE_METHOD_MATCH = YES;
				COPY_PHASE_STRIP = NO;
				DEBUG_INFORMATION_FORMAT = "dwarf-with-dsym";
				ENABLE_NS_ASSERTIONS = NO;
				ENABLE_STRICT_OBJC_MSGSEND = YES;
				GCC_C_LANGUAGE_STANDARD = gnu11;
				GCC_NO_COMMON_BLOCKS = YES;
				GCC_WARN_64_TO_32_BIT_CONVERSION = YES;
				GCC_WARN_ABOUT_RETURN_TYPE = YES_ERROR;
				GCC_WARN_UNDECLARED_SELECTOR = YES;
				GCC_WARN_UNINITIALIZED_AUTOS = YES_AGGRESSIVE;
				GCC_WARN_UNUSED_FUNCTION = YES;
				GCC_WARN_UNUSED_VARIABLE = YES;
				IPHONEOS_DEPLOYMENT_TARGET = 13.0;
				MTL_ENABLE_DEBUG_INFO = NO;
				MTL_FAST_MATH = YES;
				SDKROOT = iphoneos;
				VALIDATE_PRODUCT = YES;
			};
			name = Release;
		};
		22AD47F126D9E1500019629C /* Debug */ = {
			isa = XCBuildConfiguration;
			buildSettings = {
				ASSETCATALOG_COMPILER_APPICON_NAME = AppIcon;
				ASSETCATALOG_COMPILER_GLOBAL_ACCENT_COLOR_NAME = AccentColor;
				CODE_SIGN_STYLE = Automatic;
				DEVELOPMENT_TEAM = 6LF3GMKZAB;
				INFOPLIST_FILE = TOStackViewExample/Info.plist;
				IPHONEOS_DEPLOYMENT_TARGET = 13.0;
				LD_RUNPATH_SEARCH_PATHS = (
					"$(inherited)",
					"@executable_path/Frameworks",
				);
				PRODUCT_BUNDLE_IDENTIFIER = dev.tim.TOStackViewExample;
				PRODUCT_NAME = "$(TARGET_NAME)";
				TARGETED_DEVICE_FAMILY = "1,2";
			};
			name = Debug;
		};
		22AD47F226D9E1500019629C /* Release */ = {
			isa = XCBuildConfiguration;
			buildSettings = {
				ASSETCATALOG_COMPILER_APPICON_NAME = AppIcon;
				ASSETCATALOG_COMPILER_GLOBAL_ACCENT_COLOR_NAME = AccentColor;
				CODE_SIGN_STYLE = Automatic;
				DEVELOPMENT_TEAM = 6LF3GMKZAB;
				INFOPLIST_FILE = TOStackViewExample/Info.plist;
				IPHONEOS_DEPLOYMENT_TARGET = 13.0;
				LD_RUNPATH_SEARCH_PATHS = (
					"$(inherited)",
					"@executable_path/Frameworks",
				);
				PRODUCT_BUNDLE_IDENTIFIER = dev.tim.TOStackViewExample;
				PRODUCT_NAME = "$(TARGET_NAME)";
				TARGETED_DEVICE_FAMILY = "1,2";
			};
			name = Release;
		};
		22AD480326DA8B5D0019629C /* Debug */ = {
			isa = XCBuildConfiguration;
			buildSettings = {
				BUNDLE_LOADER = "$(TEST_HOST)";
				CODE_SIGN_STYLE = Automatic;
				DEVELOPMENT_TEAM = 6LF3GMKZAB;
				INFOPLIST_FILE = TOStackViewTests/Info.plist;
				IPHONEOS_DEPLOYMENT_TARGET = 9.0;
				LD_RUNPATH_SEARCH_PATHS = (
					"$(inherited)",
					"@executable_path/Frameworks",
					"@loader_path/Frameworks",
				);
				PRODUCT_BUNDLE_IDENTIFIER = dev.tim.TOStackViewTests;
				PRODUCT_NAME = "$(TARGET_NAME)";
				TARGETED_DEVICE_FAMILY = "1,2";
				TEST_HOST = "$(BUILT_PRODUCTS_DIR)/TOStackViewExample.app/TOStackViewExample";
			};
			name = Debug;
		};
		22AD480426DA8B5D0019629C /* Release */ = {
			isa = XCBuildConfiguration;
			buildSettings = {
				BUNDLE_LOADER = "$(TEST_HOST)";
				CODE_SIGN_STYLE = Automatic;
				DEVELOPMENT_TEAM = 6LF3GMKZAB;
				INFOPLIST_FILE = TOStackViewTests/Info.plist;
				IPHONEOS_DEPLOYMENT_TARGET = 9.0;
				LD_RUNPATH_SEARCH_PATHS = (
					"$(inherited)",
					"@executable_path/Frameworks",
					"@loader_path/Frameworks",
				);
				PRODUCT_BUNDLE_IDENTIFIER = dev.tim.TOStackViewTests;
				PRODUCT_NAME = "$(TARGET_NAME)";
				TARGETED_DEVICE_FAMILY = "1,2";
				TEST_HOST = "$(BUILT_PRODUCTS_DIR)/TOStackViewExample.app/TOStackViewExample";
			};
			name = Release;
		};
/* End XCBuildConfiguration section */

/* Begin XCConfigurationList section */
		22AD47D226D9E14F0019629C /* Build configuration list for PBXProject "TOStackViewExample" */ = {
			isa = XCConfigurationList;
			buildConfigurations = (
				22AD47EE26D9E1500019629C /* Debug */,
				22AD47EF26D9E1500019629C /* Release */,
			);
			defaultConfigurationIsVisible = 0;
			defaultConfigurationName = Release;
		};
		22AD47F026D9E1500019629C /* Build configuration list for PBXNativeTarget "TOStackViewExample" */ = {
			isa = XCConfigurationList;
			buildConfigurations = (
				22AD47F126D9E1500019629C /* Debug */,
				22AD47F226D9E1500019629C /* Release */,
			);
			defaultConfigurationIsVisible = 0;
			defaultConfigurationName = Release;
		};
		22AD480226DA8B5D0019629C /* Build configuration list for PBXNativeTarget "TOStackViewTests" */ = {
			isa = XCConfigurationList;
			buildConfigurations = (
				22AD480326DA8B5D0019629C /* Debug */,
				22AD480426DA8B5D0019629C /* Release */,
			);
			defaultConfigurationIsVisible = 0;
			defaultConfigurationName = Release;
		};
/* End XCConfigurationList section */
	};
	rootObject = 22AD47CF26D9E14F0019629C /* Project object */;
}
